// !$*UTF8*$!
{
	archiveVersion = 1;
	classes = {
	};
	objectVersion = 46;
	objects = {

/* Begin PBXBuildFile section */
		822F24F813355242003F295E /* UIKit.framework in Frameworks */ = {isa = PBXBuildFile; fileRef = 822F24F713355242003F295E /* UIKit.framework */; };
		822F24FA13355242003F295E /* Foundation.framework in Frameworks */ = {isa = PBXBuildFile; fileRef = 822F24F913355242003F295E /* Foundation.framework */; };
		822F24FC13355242003F295E /* CoreGraphics.framework in Frameworks */ = {isa = PBXBuildFile; fileRef = 822F24FB13355242003F295E /* CoreGraphics.framework */; };
		822F250213355242003F295E /* InfoPlist.strings in Resources */ = {isa = PBXBuildFile; fileRef = 822F250013355242003F295E /* InfoPlist.strings */; };
		822F250513355242003F295E /* main.m in Sources */ = {isa = PBXBuildFile; fileRef = 822F250413355242003F295E /* main.m */; };
		822F250813355242003F295E /* orakiAppDelegate.m in Sources */ = {isa = PBXBuildFile; fileRef = 822F250713355242003F295E /* orakiAppDelegate.m */; };
		822F250B13355242003F295E /* MainWindow.xib in Resources */ = {isa = PBXBuildFile; fileRef = 822F250913355242003F295E /* MainWindow.xib */; };
		822F251213355243003F295E /* UIKit.framework in Frameworks */ = {isa = PBXBuildFile; fileRef = 822F24F713355242003F295E /* UIKit.framework */; };
		822F251313355243003F295E /* Foundation.framework in Frameworks */ = {isa = PBXBuildFile; fileRef = 822F24F913355242003F295E /* Foundation.framework */; };
		822F251413355243003F295E /* CoreGraphics.framework in Frameworks */ = {isa = PBXBuildFile; fileRef = 822F24FB13355242003F295E /* CoreGraphics.framework */; };
		822F251C13355243003F295E /* InfoPlist.strings in Resources */ = {isa = PBXBuildFile; fileRef = 822F251A13355243003F295E /* InfoPlist.strings */; };
		822F251F13355243003F295E /* orakiTests.h in Resources */ = {isa = PBXBuildFile; fileRef = 822F251E13355243003F295E /* orakiTests.h */; };
		822F252113355243003F295E /* orakiTests.m in Sources */ = {isa = PBXBuildFile; fileRef = 822F252013355243003F295E /* orakiTests.m */; };
/* End PBXBuildFile section */

/* Begin PBXContainerItemProxy section */
		822F251513355243003F295E /* PBXContainerItemProxy */ = {
			isa = PBXContainerItemProxy;
			containerPortal = 822F24EA13355242003F295E /* Project object */;
			proxyType = 1;
			remoteGlobalIDString = 822F24F213355242003F295E;
			remoteInfo = oraki;
		};
/* End PBXContainerItemProxy section */

/* Begin PBXFileReference section */
		822F24F313355242003F295E /* oraki.app */ = {isa = PBXFileReference; explicitFileType = wrapper.application; includeInIndex = 0; path = oraki.app; sourceTree = BUILT_PRODUCTS_DIR; };
		822F24F713355242003F295E /* UIKit.framework */ = {isa = PBXFileReference; lastKnownFileType = wrapper.framework; name = UIKit.framework; path = System/Library/Frameworks/UIKit.framework; sourceTree = SDKROOT; };
		822F24F913355242003F295E /* Foundation.framework */ = {isa = PBXFileReference; lastKnownFileType = wrapper.framework; name = Foundation.framework; path = System/Library/Frameworks/Foundation.framework; sourceTree = SDKROOT; };
		822F24FB13355242003F295E /* CoreGraphics.framework */ = {isa = PBXFileReference; lastKnownFileType = wrapper.framework; name = CoreGraphics.framework; path = System/Library/Frameworks/CoreGraphics.framework; sourceTree = SDKROOT; };
		822F24FF13355242003F295E /* oraki-Info.plist */ = {isa = PBXFileReference; lastKnownFileType = text.plist.xml; path = "oraki-Info.plist"; sourceTree = "<group>"; };
		822F250113355242003F295E /* en */ = {isa = PBXFileReference; lastKnownFileType = text.plist.strings; name = en; path = en.lproj/InfoPlist.strings; sourceTree = "<group>"; };
		822F250313355242003F295E /* oraki-Prefix.pch */ = {isa = PBXFileReference; lastKnownFileType = sourcecode.c.h; path = "oraki-Prefix.pch"; sourceTree = "<group>"; };
		822F250413355242003F295E /* main.m */ = {isa = PBXFileReference; lastKnownFileType = sourcecode.c.objc; path = main.m; sourceTree = "<group>"; };
		822F250613355242003F295E /* orakiAppDelegate.h */ = {isa = PBXFileReference; lastKnownFileType = sourcecode.c.h; path = orakiAppDelegate.h; sourceTree = "<group>"; };
		822F250713355242003F295E /* orakiAppDelegate.m */ = {isa = PBXFileReference; lastKnownFileType = sourcecode.c.objc; path = orakiAppDelegate.m; sourceTree = "<group>"; };
		822F250A13355242003F295E /* en */ = {isa = PBXFileReference; lastKnownFileType = file.xib; name = en; path = en.lproj/MainWindow.xib; sourceTree = "<group>"; };
		822F251113355243003F295E /* orakiTests.octest */ = {isa = PBXFileReference; explicitFileType = wrapper.cfbundle; includeInIndex = 0; path = orakiTests.octest; sourceTree = BUILT_PRODUCTS_DIR; };
		822F251913355243003F295E /* orakiTests-Info.plist */ = {isa = PBXFileReference; lastKnownFileType = text.plist.xml; path = "orakiTests-Info.plist"; sourceTree = "<group>"; };
		822F251B13355243003F295E /* en */ = {isa = PBXFileReference; lastKnownFileType = text.plist.strings; name = en; path = en.lproj/InfoPlist.strings; sourceTree = "<group>"; };
		822F251D13355243003F295E /* orakiTests-Prefix.pch */ = {isa = PBXFileReference; lastKnownFileType = sourcecode.c.h; path = "orakiTests-Prefix.pch"; sourceTree = "<group>"; };
		822F251E13355243003F295E /* orakiTests.h */ = {isa = PBXFileReference; lastKnownFileType = sourcecode.c.h; path = orakiTests.h; sourceTree = "<group>"; };
		822F252013355243003F295E /* orakiTests.m */ = {isa = PBXFileReference; lastKnownFileType = sourcecode.c.objc; path = orakiTests.m; sourceTree = "<group>"; };
/* End PBXFileReference section */

/* Begin PBXFrameworksBuildPhase section */
		822F24F013355242003F295E /* Frameworks */ = {
			isa = PBXFrameworksBuildPhase;
			buildActionMask = 2147483647;
			files = (
				822F24F813355242003F295E /* UIKit.framework in Frameworks */,
				822F24FA13355242003F295E /* Foundation.framework in Frameworks */,
				822F24FC13355242003F295E /* CoreGraphics.framework in Frameworks */,
			);
			runOnlyForDeploymentPostprocessing = 0;
		};
		822F250D13355243003F295E /* Frameworks */ = {
			isa = PBXFrameworksBuildPhase;
			buildActionMask = 2147483647;
			files = (
				822F251213355243003F295E /* UIKit.framework in Frameworks */,
				822F251313355243003F295E /* Foundation.framework in Frameworks */,
				822F251413355243003F295E /* CoreGraphics.framework in Frameworks */,
			);
			runOnlyForDeploymentPostprocessing = 0;
		};
/* End PBXFrameworksBuildPhase section */

/* Begin PBXGroup section */
		822F24E813355242003F295E = {
			isa = PBXGroup;
			children = (
				822F24FD13355242003F295E /* oraki */,
				822F251713355243003F295E /* orakiTests */,
				822F24F613355242003F295E /* Frameworks */,
				822F24F413355242003F295E /* Products */,
			);
			sourceTree = "<group>";
		};
		822F24F413355242003F295E /* Products */ = {
			isa = PBXGroup;
			children = (
				822F24F313355242003F295E /* oraki.app */,
				822F251113355243003F295E /* orakiTests.octest */,
			);
			name = Products;
			sourceTree = "<group>";
		};
		822F24F613355242003F295E /* Frameworks */ = {
			isa = PBXGroup;
			children = (
				822F24F713355242003F295E /* UIKit.framework */,
				822F24F913355242003F295E /* Foundation.framework */,
				822F24FB13355242003F295E /* CoreGraphics.framework */,
			);
			name = Frameworks;
			sourceTree = "<group>";
		};
		822F24FD13355242003F295E /* oraki */ = {
			isa = PBXGroup;
			children = (
				822F250613355242003F295E /* orakiAppDelegate.h */,
				822F250713355242003F295E /* orakiAppDelegate.m */,
				822F250913355242003F295E /* MainWindow.xib */,
				822F24FE13355242003F295E /* Supporting Files */,
			);
			path = oraki;
			sourceTree = "<group>";
		};
		822F24FE13355242003F295E /* Supporting Files */ = {
			isa = PBXGroup;
			children = (
				822F24FF13355242003F295E /* oraki-Info.plist */,
				822F250013355242003F295E /* InfoPlist.strings */,
				822F250313355242003F295E /* oraki-Prefix.pch */,
				822F250413355242003F295E /* main.m */,
			);
			name = "Supporting Files";
			sourceTree = "<group>";
		};
		822F251713355243003F295E /* orakiTests */ = {
			isa = PBXGroup;
			children = (
				822F251E13355243003F295E /* orakiTests.h */,
				822F252013355243003F295E /* orakiTests.m */,
				822F251813355243003F295E /* Supporting Files */,
			);
			path = orakiTests;
			sourceTree = "<group>";
		};
		822F251813355243003F295E /* Supporting Files */ = {
			isa = PBXGroup;
			children = (
				822F251913355243003F295E /* orakiTests-Info.plist */,
				822F251A13355243003F295E /* InfoPlist.strings */,
				822F251D13355243003F295E /* orakiTests-Prefix.pch */,
			);
			name = "Supporting Files";
			sourceTree = "<group>";
		};
/* End PBXGroup section */

/* Begin PBXNativeTarget section */
		822F24F213355242003F295E /* oraki */ = {
			isa = PBXNativeTarget;
			buildConfigurationList = 822F252413355243003F295E /* Build configuration list for PBXNativeTarget "oraki" */;
			buildPhases = (
				822F24EF13355242003F295E /* Sources */,
				822F24F013355242003F295E /* Frameworks */,
				822F24F113355242003F295E /* Resources */,
			);
			buildRules = (
			);
			dependencies = (
			);
			name = oraki;
			productName = oraki;
			productReference = 822F24F313355242003F295E /* oraki.app */;
			productType = "com.apple.product-type.application";
		};
		822F251013355243003F295E /* orakiTests */ = {
			isa = PBXNativeTarget;
			buildConfigurationList = 822F252713355243003F295E /* Build configuration list for PBXNativeTarget "orakiTests" */;
			buildPhases = (
				822F250C13355243003F295E /* Sources */,
				822F250D13355243003F295E /* Frameworks */,
				822F250E13355243003F295E /* Resources */,
				822F250F13355243003F295E /* ShellScript */,
			);
			buildRules = (
			);
			dependencies = (
				822F251613355243003F295E /* PBXTargetDependency */,
			);
			name = orakiTests;
			productName = orakiTests;
			productReference = 822F251113355243003F295E /* orakiTests.octest */;
			productType = "com.apple.product-type.bundle";
		};
/* End PBXNativeTarget section */

/* Begin PBXProject section */
		822F24EA13355242003F295E /* Project object */ = {
			isa = PBXProject;
			buildConfigurationList = 822F24ED13355242003F295E /* Build configuration list for PBXProject "oraki" */;
			compatibilityVersion = "Xcode 3.2";
			developmentRegion = English;
			hasScannedForEncodings = 0;
			knownRegions = (
				en,
			);
			mainGroup = 822F24E813355242003F295E;
			productRefGroup = 822F24F413355242003F295E /* Products */;
			projectDirPath = "";
			projectRoot = "";
			targets = (
				822F24F213355242003F295E /* oraki */,
				822F251013355243003F295E /* orakiTests */,
			);
		};
/* End PBXProject section */

/* Begin PBXResourcesBuildPhase section */
		822F24F113355242003F295E /* Resources */ = {
			isa = PBXResourcesBuildPhase;
			buildActionMask = 2147483647;
			files = (
				822F250213355242003F295E /* InfoPlist.strings in Resources */,
				822F250B13355242003F295E /* MainWindow.xib in Resources */,
			);
			runOnlyForDeploymentPostprocessing = 0;
		};
		822F250E13355243003F295E /* Resources */ = {
			isa = PBXResourcesBuildPhase;
			buildActionMask = 2147483647;
			files = (
				822F251C13355243003F295E /* InfoPlist.strings in Resources */,
				822F251F13355243003F295E /* orakiTests.h in Resources */,
			);
			runOnlyForDeploymentPostprocessing = 0;
		};
/* End PBXResourcesBuildPhase section */

/* Begin PBXShellScriptBuildPhase section */
		822F250F13355243003F295E /* ShellScript */ = {
			isa = PBXShellScriptBuildPhase;
			buildActionMask = 2147483647;
			files = (
			);
			inputPaths = (
			);
			outputPaths = (
			);
			runOnlyForDeploymentPostprocessing = 0;
			shellPath = /bin/sh;
			shellScript = "# Run the unit tests in this test bundle.\n\"${SYSTEM_DEVELOPER_DIR}/Tools/RunUnitTests\"\n";
		};
/* End PBXShellScriptBuildPhase section */

/* Begin PBXSourcesBuildPhase section */
		822F24EF13355242003F295E /* Sources */ = {
			isa = PBXSourcesBuildPhase;
			buildActionMask = 2147483647;
			files = (
				822F250513355242003F295E /* main.m in Sources */,
				822F250813355242003F295E /* orakiAppDelegate.m in Sources */,
			);
			runOnlyForDeploymentPostprocessing = 0;
		};
		822F250C13355243003F295E /* Sources */ = {
			isa = PBXSourcesBuildPhase;
			buildActionMask = 2147483647;
			files = (
				822F252113355243003F295E /* orakiTests.m in Sources */,
			);
			runOnlyForDeploymentPostprocessing = 0;
		};
/* End PBXSourcesBuildPhase section */

/* Begin PBXTargetDependency section */
		822F251613355243003F295E /* PBXTargetDependency */ = {
			isa = PBXTargetDependency;
			target = 822F24F213355242003F295E /* oraki */;
			targetProxy = 822F251513355243003F295E /* PBXContainerItemProxy */;
		};
/* End PBXTargetDependency section */

/* Begin PBXVariantGroup section */
		822F250013355242003F295E /* InfoPlist.strings */ = {
			isa = PBXVariantGroup;
			children = (
				822F250113355242003F295E /* en */,
			);
			name = InfoPlist.strings;
			sourceTree = "<group>";
		};
		822F250913355242003F295E /* MainWindow.xib */ = {
			isa = PBXVariantGroup;
			children = (
				822F250A13355242003F295E /* en */,
			);
			name = MainWindow.xib;
			sourceTree = "<group>";
		};
		822F251A13355243003F295E /* InfoPlist.strings */ = {
			isa = PBXVariantGroup;
			children = (
				822F251B13355243003F295E /* en */,
			);
			name = InfoPlist.strings;
			sourceTree = "<group>";
		};
/* End PBXVariantGroup section */

/* Begin XCBuildConfiguration section */
		822F252213355243003F295E /* Debug */ = {
			isa = XCBuildConfiguration;
			buildSettings = {
				ARCHS = "$(ARCHS_STANDARD_32_BIT)";
				"CODE_SIGN_IDENTITY[sdk=iphoneos*]" = "iPhone Developer";
				GCC_C_LANGUAGE_STANDARD = gnu99;
				GCC_OPTIMIZATION_LEVEL = 0;
				GCC_PREPROCESSOR_DEFINITIONS = DEBUG;
				GCC_SYMBOLS_PRIVATE_EXTERN = NO;
				GCC_VERSION = com.apple.compilers.llvmgcc42;
				GCC_WARN_ABOUT_RETURN_TYPE = YES;
				GCC_WARN_UNUSED_VARIABLE = YES;
				IPHONEOS_DEPLOYMENT_TARGET = 4.3;
				SDKROOT = iphoneos;
			};
			name = Debug;
		};
		822F252313355243003F295E /* Release */ = {
			isa = XCBuildConfiguration;
			buildSettings = {
				ARCHS = "$(ARCHS_STANDARD_32_BIT)";
				"CODE_SIGN_IDENTITY[sdk=iphoneos*]" = "iPhone Developer";
				GCC_C_LANGUAGE_STANDARD = gnu99;
				GCC_VERSION = com.apple.compilers.llvmgcc42;
				GCC_WARN_ABOUT_RETURN_TYPE = YES;
				GCC_WARN_UNUSED_VARIABLE = YES;
				IPHONEOS_DEPLOYMENT_TARGET = 4.3;
				OTHER_CFLAGS = "-DNS_BLOCK_ASSERTIONS=1";
				SDKROOT = iphoneos;
			};
			name = Release;
		};
		822F252513355243003F295E /* Debug */ = {
			isa = XCBuildConfiguration;
			buildSettings = {
				ALWAYS_SEARCH_USER_PATHS = NO;
				COPY_PHASE_STRIP = NO;
				GCC_DYNAMIC_NO_PIC = NO;
				GCC_PRECOMPILE_PREFIX_HEADER = YES;
				GCC_PREFIX_HEADER = "oraki/oraki-Prefix.pch";
				INFOPLIST_FILE = "oraki/oraki-Info.plist";
				PRODUCT_NAME = "$(TARGET_NAME)";
				WRAPPER_EXTENSION = app;
			};
			name = Debug;
		};
		822F252613355243003F295E /* Release */ = {
			isa = XCBuildConfiguration;
			buildSettings = {
				ALWAYS_SEARCH_USER_PATHS = NO;
				COPY_PHASE_STRIP = YES;
				GCC_PRECOMPILE_PREFIX_HEADER = YES;
				GCC_PREFIX_HEADER = "oraki/oraki-Prefix.pch";
				INFOPLIST_FILE = "oraki/oraki-Info.plist";
				PRODUCT_NAME = "$(TARGET_NAME)";
				VALIDATE_PRODUCT = YES;
				WRAPPER_EXTENSION = app;
			};
			name = Release;
		};
		822F252813355243003F295E /* Debug */ = {
			isa = XCBuildConfiguration;
			buildSettings = {
				ALWAYS_SEARCH_USER_PATHS = NO;
				BUNDLE_LOADER = "$(BUILT_PRODUCTS_DIR)/oraki.app/oraki";
				FRAMEWORK_SEARCH_PATHS = (
					"$(SDKROOT)/Developer/Library/Frameworks",
					"$(DEVELOPER_LIBRARY_DIR)/Frameworks",
				);
				GCC_PRECOMPILE_PREFIX_HEADER = YES;
				GCC_PREFIX_HEADER = "orakiTests/orakiTests-Prefix.pch";
				INFOPLIST_FILE = "orakiTests/orakiTests-Info.plist";
				OTHER_LDFLAGS = (
					"-framework",
					SenTestingKit,
				);
				PRODUCT_NAME = "$(TARGET_NAME)";
				TEST_HOST = "$(BUNDLE_LOADER)";
				WRAPPER_EXTENSION = octest;
			};
			name = Debug;
		};
		822F252913355243003F295E /* Release */ = {
			isa = XCBuildConfiguration;
			buildSettings = {
				ALWAYS_SEARCH_USER_PATHS = NO;
				BUNDLE_LOADER = "$(BUILT_PRODUCTS_DIR)/oraki.app/oraki";
				FRAMEWORK_SEARCH_PATHS = (
					"$(SDKROOT)/Developer/Library/Frameworks",
					"$(DEVELOPER_LIBRARY_DIR)/Frameworks",
				);
				GCC_PRECOMPILE_PREFIX_HEADER = YES;
				GCC_PREFIX_HEADER = "orakiTests/orakiTests-Prefix.pch";
				INFOPLIST_FILE = "orakiTests/orakiTests-Info.plist";
				OTHER_LDFLAGS = (
					"-framework",
					SenTestingKit,
				);
				PRODUCT_NAME = "$(TARGET_NAME)";
				TEST_HOST = "$(BUNDLE_LOADER)";
				WRAPPER_EXTENSION = octest;
			};
			name = Release;
		};
/* End XCBuildConfiguration section */

/* Begin XCConfigurationList section */
		822F24ED13355242003F295E /* Build configuration list for PBXProject "oraki" */ = {
			isa = XCConfigurationList;
			buildConfigurations = (
				822F252213355243003F295E /* Debug */,
				822F252313355243003F295E /* Release */,
			);
			defaultConfigurationIsVisible = 0;
			defaultConfigurationName = Release;
		};
		822F252413355243003F295E /* Build configuration list for PBXNativeTarget "oraki" */ = {
			isa = XCConfigurationList;
			buildConfigurations = (
				822F252513355243003F295E /* Debug */,
				822F252613355243003F295E /* Release */,
			);
			defaultConfigurationIsVisible = 0;
		};
		822F252713355243003F295E /* Build configuration list for PBXNativeTarget "orakiTests" */ = {
			isa = XCConfigurationList;
			buildConfigurations = (
				822F252813355243003F295E /* Debug */,
				822F252913355243003F295E /* Release */,
			);
			defaultConfigurationIsVisible = 0;
		};
/* End XCConfigurationList section */
	};
	rootObject = 822F24EA13355242003F295E /* Project object */;
}
